
Microsoft Visual Studio Solution File, Format Version 12.00
# Visual Studio Version 17
VisualStudioVersion = 17.0.31903.59
MinimumVisualStudioVersion = 10.0.40219.1
Project("{FAE04EC0-301F-11D3-BF4B-00C04F79EFBC}") = "Tyuiu.VorobevAD.Sprint4.Task0", "Tyuiu.VorobevAD.Sprint4.Task0\Tyuiu.VorobevAD.Sprint4.Task0.csproj", "{254DBDF0-6CE2-443F-8634-F337C5864877}"
EndProject
Project("{FAE04EC0-301F-11D3-BF4B-00C04F79EFBC}") = "Tyuiu.VorobevAD.Sprint4.Task0.V29.Lib", "Tyuiu.VorobevAD.Sprint4.Task0.V29.Lib\Tyuiu.VorobevAD.Sprint4.Task0.V29.Lib.csproj", "{283EE137-3070-4A0C-AC92-A5A64A4340EC}"
EndProject
Project("{FAE04EC0-301F-11D3-BF4B-00C04F79EFBC}") = "Tyuiu.VorobevAD.Sprint4.Task1.V18.Lib", "Tyuiu.VorobevAD.Sprint4.Task1.V18.Lib\Tyuiu.VorobevAD.Sprint4.Task1.V18.Lib.csproj", "{3D7A9D05-BFE7-458B-BC25-6FEDA5F6D3F0}"
EndProject
Project("{FAE04EC0-301F-11D3-BF4B-00C04F79EFBC}") = "Tyuiu.VorobevAD.Sprint4.Task2.V30.Lib", "Tyuiu.VorobevAD.Sprint4.Task2.V30.Lib\Tyuiu.VorobevAD.Sprint4.Task2.V30.Lib.csproj", "{167479BC-FD63-4874-A336-CDAAD8792ECF}"
EndProject
Project("{FAE04EC0-301F-11D3-BF4B-00C04F79EFBC}") = "Tyuiu.VorobevAD.Sprint4.Task3.V19.Lib", "Tyuiu.VorobevAD.Sprint4.Task3.V19.Lib\Tyuiu.VorobevAD.Sprint4.Task3.V19.Lib.csproj", "{FF489A0D-FFB9-491C-82A7-D59E777ACF6F}"
EndProject
Global
	GlobalSection(SolutionConfigurationPlatforms) = preSolution
		Debug|Any CPU = Debug|Any CPU
		Release|Any CPU = Release|Any CPU
	EndGlobalSection
	GlobalSection(SolutionProperties) = preSolution
		HideSolutionNode = FALSE
	EndGlobalSection
	GlobalSection(ProjectConfigurationPlatforms) = postSolution
		{254DBDF0-6CE2-443F-8634-F337C5864877}.Debug|Any CPU.ActiveCfg = Debug|Any CPU
		{254DBDF0-6CE2-443F-8634-F337C5864877}.Debug|Any CPU.Build.0 = Debug|Any CPU
		{254DBDF0-6CE2-443F-8634-F337C5864877}.Release|Any CPU.ActiveCfg = Release|Any CPU
		{254DBDF0-6CE2-443F-8634-F337C5864877}.Release|Any CPU.Build.0 = Release|Any CPU
		{283EE137-3070-4A0C-AC92-A5A64A4340EC}.Debug|Any CPU.ActiveCfg = Debug|Any CPU
		{283EE137-3070-4A0C-AC92-A5A64A4340EC}.Debug|Any CPU.Build.0 = Debug|Any CPU
		{283EE137-3070-4A0C-AC92-A5A64A4340EC}.Release|Any CPU.ActiveCfg = Release|Any CPU
		{283EE137-3070-4A0C-AC92-A5A64A4340EC}.Release|Any CPU.Build.0 = Release|Any CPU
		{3D7A9D05-BFE7-458B-BC25-6FEDA5F6D3F0}.Debug|Any CPU.ActiveCfg = Debug|Any CPU
		{3D7A9D05-BFE7-458B-BC25-6FEDA5F6D3F0}.Debug|Any CPU.Build.0 = Debug|Any CPU
		{3D7A9D05-BFE7-458B-BC25-6FEDA5F6D3F0}.Release|Any CPU.ActiveCfg = Release|Any CPU
		{3D7A9D05-BFE7-458B-BC25-6FEDA5F6D3F0}.Release|Any CPU.Build.0 = Release|Any CPU
		{167479BC-FD63-4874-A336-CDAAD8792ECF}.Debug|Any CPU.ActiveCfg = Debug|Any CPU
		{167479BC-FD63-4874-A336-CDAAD8792ECF}.Debug|Any CPU.Build.0 = Debug|Any CPU
		{167479BC-FD63-4874-A336-CDAAD8792ECF}.Release|Any CPU.ActiveCfg = Release|Any CPU
		{167479BC-FD63-4874-A336-CDAAD8792ECF}.Release|Any CPU.Build.0 = Release|Any CPU
		{FF489A0D-FFB9-491C-82A7-D59E777ACF6F}.Debug|Any CPU.ActiveCfg = Debug|Any CPU
		{FF489A0D-FFB9-491C-82A7-D59E777ACF6F}.Debug|Any CPU.Build.0 = Debug|Any CPU
		{FF489A0D-FFB9-491C-82A7-D59E777ACF6F}.Release|Any CPU.ActiveCfg = Release|Any CPU
		{FF489A0D-FFB9-491C-82A7-D59E777ACF6F}.Release|Any CPU.Build.0 = Release|Any CPU
	EndGlobalSection
EndGlobal
